// !$*UTF8*$!
{
	archiveVersion = 1;
	classes = {
	};
	objectVersion = 45;
	objects = {

/* Begin PBXBuildFile section */
		1D3623260D0F684500981E51 /* Surfing_JournalAppDelegate.m in Sources */ = {isa = PBXBuildFile; fileRef = 1D3623250D0F684500981E51 /* Surfing_JournalAppDelegate.m */; };
		1D60589B0D05DD56006BFB54 /* main.m in Sources */ = {isa = PBXBuildFile; fileRef = 29B97316FDCFA39411CA2CEA /* main.m */; };
		1D60589F0D05DD5A006BFB54 /* Foundation.framework in Frameworks */ = {isa = PBXBuildFile; fileRef = 1D30AB110D05D00D00671497 /* Foundation.framework */; };
		1DF5F4E00D08C38300B7A737 /* UIKit.framework in Frameworks */ = {isa = PBXBuildFile; fileRef = 1DF5F4DF0D08C38300B7A737 /* UIKit.framework */; };
		288765FD0DF74451002DB57D /* CoreGraphics.framework in Frameworks */ = {isa = PBXBuildFile; fileRef = 288765FC0DF74451002DB57D /* CoreGraphics.framework */; };
		28AD733F0D9D9553002E5188 /* MainWindow.xib in Resources */ = {isa = PBXBuildFile; fileRef = 28AD733E0D9D9553002E5188 /* MainWindow.xib */; };
		491464B11394566900381206 /* surf1.sqlite3 in Resources */ = {isa = PBXBuildFile; fileRef = 491464B01394566900381206 /* surf1.sqlite3 */; };
		491464D113946D5A00381206 /* icon.png in Resources */ = {isa = PBXBuildFile; fileRef = 491464D013946D5A00381206 /* icon.png */; };
		491F261E13521A18009AE40C /* libsqlite3.dylib in Frameworks */ = {isa = PBXBuildFile; fileRef = 491F261D13521A18009AE40C /* libsqlite3.dylib */; };
		49A72C9B139B3B720040979C /* grindingleft.png in Resources */ = {isa = PBXBuildFile; fileRef = 49A72C99139B3B720040979C /* grindingleft.png */; };
		49A72C9C139B3B720040979C /* heavy shorebreak.png in Resources */ = {isa = PBXBuildFile; fileRef = 49A72C9A139B3B720040979C /* heavy shorebreak.png */; };
		49A72CA0139B3B940040979C /* islandvision.png in Resources */ = {isa = PBXBuildFile; fileRef = 49A72C9D139B3B940040979C /* islandvision.png */; };
		49A72CA2139B3B940040979C /* midday surf check.png in Resources */ = {isa = PBXBuildFile; fileRef = 49A72C9F139B3B940040979C /* midday surf check.png */; };
		49C08F30135EB089001E87CF /* SpecificSearchViewController.m in Sources */ = {isa = PBXBuildFile; fileRef = 49C08F2F135EB089001E87CF /* SpecificSearchViewController.m */; };
		49C148A913A3DF53008B64C3 /* 16bit while sleeping.png in Resources */ = {isa = PBXBuildFile; fileRef = 49C148A413A3DF53008B64C3 /* 16bit while sleeping.png */; };
		49C148AA13A3DF53008B64C3 /* emergence panel 2.png in Resources */ = {isa = PBXBuildFile; fileRef = 49C148A513A3DF53008B64C3 /* emergence panel 2.png */; };
		49C148AB13A3DF53008B64C3 /* fire water.png in Resources */ = {isa = PBXBuildFile; fileRef = 49C148A613A3DF53008B64C3 /* fire water.png */; };
		49C148B413A40F08008B64C3 /* url.png in Resources */ = {isa = PBXBuildFile; fileRef = 49C148B313A40F08008B64C3 /* url.png */; };
		49C148B613A40F14008B64C3 /* about.png in Resources */ = {isa = PBXBuildFile; fileRef = 49C148B513A40F14008B64C3 /* about.png */; };
		49C9010E136E1B4C0095101B /* ForecastSearchViewController.m in Sources */ = {isa = PBXBuildFile; fileRef = 49C9010D136E1B4C0095101B /* ForecastSearchViewController.m */; };
		49C90110136E1B610095101B /* ForecastView.xib in Resources */ = {isa = PBXBuildFile; fileRef = 49C9010F136E1B610095101B /* ForecastView.xib */; };
		49CE000B135B9E4D002F1D04 /* SelectedLogViewController.m in Sources */ = {isa = PBXBuildFile; fileRef = 49CE000A135B9E4D002F1D04 /* SelectedLogViewController.m */; };
		49CE000D135B9E62002F1D04 /* SelectedLogView.xib in Resources */ = {isa = PBXBuildFile; fileRef = 49CE000C135B9E62002F1D04 /* SelectedLogView.xib */; };
		49CE0184135BB95A002F1D04 /* SpecificSearchView.xib in Resources */ = {isa = PBXBuildFile; fileRef = 49CE0183135BB95A002F1D04 /* SpecificSearchView.xib */; };
		49DC98FB1347DC0700332CE2 /* SelectionViewController.m in Sources */ = {isa = PBXBuildFile; fileRef = 49DC98FA1347DC0700332CE2 /* SelectionViewController.m */; };
		49DC99031347E72A00332CE2 /* SelectionView.xib in Resources */ = {isa = PBXBuildFile; fileRef = 49DC99021347E72A00332CE2 /* SelectionView.xib */; };
		49DC991B1347E95C00332CE2 /* AddJournalView.xib in Resources */ = {isa = PBXBuildFile; fileRef = 49DC991A1347E95C00332CE2 /* AddJournalView.xib */; };
		49DC991E1347E97A00332CE2 /* AddJournalViewController.m in Sources */ = {isa = PBXBuildFile; fileRef = 49DC991D1347E97A00332CE2 /* AddJournalViewController.m */; };
		49DC993D1347EDB900332CE2 /* AllJournalsView.xib in Resources */ = {isa = PBXBuildFile; fileRef = 49DC993C1347EDB900332CE2 /* AllJournalsView.xib */; };
		49DC99401347EDDC00332CE2 /* AllJournalsViewController.m in Sources */ = {isa = PBXBuildFile; fileRef = 49DC993F1347EDDC00332CE2 /* AllJournalsViewController.m */; };
		49DC99901347F80B00332CE2 /* DetailsViewController.m in Sources */ = {isa = PBXBuildFile; fileRef = 49DC998F1347F80B00332CE2 /* DetailsViewController.m */; };
		49DC99921347F86E00332CE2 /* DetailsView.xib in Resources */ = {isa = PBXBuildFile; fileRef = 49DC99911347F86E00332CE2 /* DetailsView.xib */; };
		49DC99AB1347FA5A00332CE2 /* Singleton.m in Sources */ = {isa = PBXBuildFile; fileRef = 49DC99AA1347FA5A00332CE2 /* Singleton.m */; };
		49F484471347CC690076F883 /* question.png in Resources */ = {isa = PBXBuildFile; fileRef = 49F484461347CC690076F883 /* question.png */; };
		49F484491347CC710076F883 /* smiling.png in Resources */ = {isa = PBXBuildFile; fileRef = 49F484481347CC710076F883 /* smiling.png */; };
		49F4844D1347CD9C0076F883 /* AboutViewController.m in Sources */ = {isa = PBXBuildFile; fileRef = 49F4844C1347CD9C0076F883 /* AboutViewController.m */; };
		49F484551347CDAE0076F883 /* AboutView.xib in Resources */ = {isa = PBXBuildFile; fileRef = 49F484541347CDAE0076F883 /* AboutView.xib */; };
		49F4845F1347CF0E0076F883 /* SurfingNavController.m in Sources */ = {isa = PBXBuildFile; fileRef = 49F4845E1347CF0E0076F883 /* SurfingNavController.m */; };
		49F4846C1347D6780076F883 /* FrontViewController.m in Sources */ = {isa = PBXBuildFile; fileRef = 49F4846B1347D6780076F883 /* FrontViewController.m */; };
		49F484741347D7C20076F883 /* FrontView.xib in Resources */ = {isa = PBXBuildFile; fileRef = 49F484731347D7C20076F883 /* FrontView.xib */; };
/* End PBXBuildFile section */

/* Begin PBXFileReference section */
		1D30AB110D05D00D00671497 /* Foundation.framework */ = {isa = PBXFileReference; lastKnownFileType = wrapper.framework; name = Foundation.framework; path = System/Library/Frameworks/Foundation.framework; sourceTree = SDKROOT; };
		1D3623240D0F684500981E51 /* Surfing_JournalAppDelegate.h */ = {isa = PBXFileReference; fileEncoding = 4; lastKnownFileType = sourcecode.c.h; path = Surfing_JournalAppDelegate.h; sourceTree = "<group>"; };
		1D3623250D0F684500981E51 /* Surfing_JournalAppDelegate.m */ = {isa = PBXFileReference; fileEncoding = 4; lastKnownFileType = sourcecode.c.objc; path = Surfing_JournalAppDelegate.m; sourceTree = "<group>"; };
		1D6058910D05DD3D006BFB54 /* Surfing Diary.app */ = {isa = PBXFileReference; explicitFileType = wrapper.application; includeInIndex = 0; path = "Surfing Diary.app"; sourceTree = BUILT_PRODUCTS_DIR; };
		1DF5F4DF0D08C38300B7A737 /* UIKit.framework */ = {isa = PBXFileReference; lastKnownFileType = wrapper.framework; name = UIKit.framework; path = System/Library/Frameworks/UIKit.framework; sourceTree = SDKROOT; };
		288765FC0DF74451002DB57D /* CoreGraphics.framework */ = {isa = PBXFileReference; lastKnownFileType = wrapper.framework; name = CoreGraphics.framework; path = System/Library/Frameworks/CoreGraphics.framework; sourceTree = SDKROOT; };
		28AD733E0D9D9553002E5188 /* MainWindow.xib */ = {isa = PBXFileReference; lastKnownFileType = file.xib; path = MainWindow.xib; sourceTree = "<group>"; };
		29B97316FDCFA39411CA2CEA /* main.m */ = {isa = PBXFileReference; fileEncoding = 4; lastKnownFileType = sourcecode.c.objc; path = main.m; sourceTree = "<group>"; };
		32CA4F630368D1EE00C91783 /* Surfing_Journal_Prefix.pch */ = {isa = PBXFileReference; fileEncoding = 4; lastKnownFileType = sourcecode.c.h; path = Surfing_Journal_Prefix.pch; sourceTree = "<group>"; };
		491464B01394566900381206 /* surf1.sqlite3 */ = {isa = PBXFileReference; lastKnownFileType = file; path = surf1.sqlite3; sourceTree = "<group>"; };
		491464D013946D5A00381206 /* icon.png */ = {isa = PBXFileReference; lastKnownFileType = image.png; name = icon.png; path = Images/icon.png; sourceTree = "<group>"; };
		491F261D13521A18009AE40C /* libsqlite3.dylib */ = {isa = PBXFileReference; lastKnownFileType = "compiled.mach-o.dylib"; name = libsqlite3.dylib; path = usr/lib/libsqlite3.dylib; sourceTree = SDKROOT; };
		49A72C99139B3B720040979C /* grindingleft.png */ = {isa = PBXFileReference; lastKnownFileType = image.png; name = grindingleft.png; path = Images/grindingleft.png; sourceTree = "<group>"; };
		49A72C9A139B3B720040979C /* heavy shorebreak.png */ = {isa = PBXFileReference; lastKnownFileType = image.png; name = "heavy shorebreak.png"; path = "Images/heavy shorebreak.png"; sourceTree = "<group>"; };
		49A72C9D139B3B940040979C /* islandvision.png */ = {isa = PBXFileReference; lastKnownFileType = image.png; name = islandvision.png; path = Images/islandvision.png; sourceTree = "<group>"; };
		49A72C9F139B3B940040979C /* midday surf check.png */ = {isa = PBXFileReference; lastKnownFileType = image.png; name = "midday surf check.png"; path = "Images/midday surf check.png"; sourceTree = "<group>"; };
		49C08F2E135EB089001E87CF /* SpecificSearchViewController.h */ = {isa = PBXFileReference; fileEncoding = 4; lastKnownFileType = sourcecode.c.h; path = SpecificSearchViewController.h; sourceTree = "<group>"; };
		49C08F2F135EB089001E87CF /* SpecificSearchViewController.m */ = {isa = PBXFileReference; fileEncoding = 4; lastKnownFileType = sourcecode.c.objc; path = SpecificSearchViewController.m; sourceTree = "<group>"; };
		49C148A413A3DF53008B64C3 /* 16bit while sleeping.png */ = {isa = PBXFileReference; lastKnownFileType = image.png; name = "16bit while sleeping.png"; path = "Images/16bit while sleeping.png"; sourceTree = "<group>"; };
		49C148A513A3DF53008B64C3 /* emergence panel 2.png */ = {isa = PBXFileReference; lastKnownFileType = image.png; name = "emergence panel 2.png"; path = "Images/emergence panel 2.png"; sourceTree = "<group>"; };
		49C148A613A3DF53008B64C3 /* fire water.png */ = {isa = PBXFileReference; lastKnownFileType = image.png; name = "fire water.png"; path = "Images/fire water.png"; sourceTree = "<group>"; };
		49C148B313A40F08008B64C3 /* url.png */ = {isa = PBXFileReference; lastKnownFileType = image.png; name = url.png; path = Images/url.png; sourceTree = "<group>"; };
		49C148B513A40F14008B64C3 /* about.png */ = {isa = PBXFileReference; lastKnownFileType = image.png; name = about.png; path = Images/about.png; sourceTree = "<group>"; };
		49C9010C136E1B4C0095101B /* ForecastSearchViewController.h */ = {isa = PBXFileReference; fileEncoding = 4; lastKnownFileType = sourcecode.c.h; path = ForecastSearchViewController.h; sourceTree = "<group>"; };
		49C9010D136E1B4C0095101B /* ForecastSearchViewController.m */ = {isa = PBXFileReference; fileEncoding = 4; lastKnownFileType = sourcecode.c.objc; path = ForecastSearchViewController.m; sourceTree = "<group>"; };
		49C9010F136E1B610095101B /* ForecastView.xib */ = {isa = PBXFileReference; lastKnownFileType = file.xib; path = ForecastView.xib; sourceTree = "<group>"; };
		49CE0009135B9E4D002F1D04 /* SelectedLogViewController.h */ = {isa = PBXFileReference; fileEncoding = 4; lastKnownFileType = sourcecode.c.h; path = SelectedLogViewController.h; sourceTree = "<group>"; };
		49CE000A135B9E4D002F1D04 /* SelectedLogViewController.m */ = {isa = PBXFileReference; fileEncoding = 4; lastKnownFileType = sourcecode.c.objc; path = SelectedLogViewController.m; sourceTree = "<group>"; };
		49CE000C135B9E62002F1D04 /* SelectedLogView.xib */ = {isa = PBXFileReference; lastKnownFileType = file.xib; path = SelectedLogView.xib; sourceTree = "<group>"; };
		49CE0183135BB95A002F1D04 /* SpecificSearchView.xib */ = {isa = PBXFileReference; lastKnownFileType = file.xib; path = SpecificSearchView.xib; sourceTree = "<group>"; };
		49DC98F91347DC0700332CE2 /* SelectionViewController.h */ = {isa = PBXFileReference; fileEncoding = 4; lastKnownFileType = sourcecode.c.h; path = SelectionViewController.h; sourceTree = "<group>"; };
		49DC98FA1347DC0700332CE2 /* SelectionViewController.m */ = {isa = PBXFileReference; fileEncoding = 4; lastKnownFileType = sourcecode.c.objc; path = SelectionViewController.m; sourceTree = "<group>"; };
		49DC99021347E72A00332CE2 /* SelectionView.xib */ = {isa = PBXFileReference; lastKnownFileType = file.xib; path = SelectionView.xib; sourceTree = "<group>"; };
		49DC991A1347E95C00332CE2 /* AddJournalView.xib */ = {isa = PBXFileReference; lastKnownFileType = file.xib; path = AddJournalView.xib; sourceTree = "<group>"; };
		49DC991C1347E97A00332CE2 /* AddJournalViewController.h */ = {isa = PBXFileReference; fileEncoding = 4; lastKnownFileType = sourcecode.c.h; path = AddJournalViewController.h; sourceTree = "<group>"; };
		49DC991D1347E97A00332CE2 /* AddJournalViewController.m */ = {isa = PBXFileReference; fileEncoding = 4; lastKnownFileType = sourcecode.c.objc; path = AddJournalViewController.m; sourceTree = "<group>"; };
		49DC993C1347EDB900332CE2 /* AllJournalsView.xib */ = {isa = PBXFileReference; lastKnownFileType = file.xib; path = AllJournalsView.xib; sourceTree = "<group>"; };
		49DC993E1347EDDC00332CE2 /* AllJournalsViewController.h */ = {isa = PBXFileReference; fileEncoding = 4; lastKnownFileType = sourcecode.c.h; path = AllJournalsViewController.h; sourceTree = "<group>"; };
		49DC993F1347EDDC00332CE2 /* AllJournalsViewController.m */ = {isa = PBXFileReference; fileEncoding = 4; lastKnownFileType = sourcecode.c.objc; path = AllJournalsViewController.m; sourceTree = "<group>"; };
		49DC998E1347F80B00332CE2 /* DetailsViewController.h */ = {isa = PBXFileReference; fileEncoding = 4; lastKnownFileType = sourcecode.c.h; path = DetailsViewController.h; sourceTree = "<group>"; };
		49DC998F1347F80B00332CE2 /* DetailsViewController.m */ = {isa = PBXFileReference; fileEncoding = 4; lastKnownFileType = sourcecode.c.objc; path = DetailsViewController.m; sourceTree = "<group>"; };
		49DC99911347F86E00332CE2 /* DetailsView.xib */ = {isa = PBXFileReference; lastKnownFileType = file.xib; path = DetailsView.xib; sourceTree = "<group>"; };
		49DC99A91347FA5A00332CE2 /* Singleton.h */ = {isa = PBXFileReference; fileEncoding = 4; lastKnownFileType = sourcecode.c.h; path = Singleton.h; sourceTree = "<group>"; };
		49DC99AA1347FA5A00332CE2 /* Singleton.m */ = {isa = PBXFileReference; fileEncoding = 4; lastKnownFileType = sourcecode.c.objc; path = Singleton.m; sourceTree = "<group>"; };
		49F484461347CC690076F883 /* question.png */ = {isa = PBXFileReference; lastKnownFileType = image.png; name = question.png; path = Images/question.png; sourceTree = "<group>"; };
		49F484481347CC710076F883 /* smiling.png */ = {isa = PBXFileReference; lastKnownFileType = image.png; name = smiling.png; path = Images/smiling.png; sourceTree = "<group>"; };
		49F4844B1347CD9C0076F883 /* AboutViewController.h */ = {isa = PBXFileReference; fileEncoding = 4; lastKnownFileType = sourcecode.c.h; path = AboutViewController.h; sourceTree = "<group>"; };
		49F4844C1347CD9C0076F883 /* AboutViewController.m */ = {isa = PBXFileReference; fileEncoding = 4; lastKnownFileType = sourcecode.c.objc; path = AboutViewController.m; sourceTree = "<group>"; };
		49F484541347CDAE0076F883 /* AboutView.xib */ = {isa = PBXFileReference; lastKnownFileType = file.xib; path = AboutView.xib; sourceTree = "<group>"; };
		49F4845D1347CF0E0076F883 /* SurfingNavController.h */ = {isa = PBXFileReference; fileEncoding = 4; lastKnownFileType = sourcecode.c.h; path = SurfingNavController.h; sourceTree = "<group>"; };
		49F4845E1347CF0E0076F883 /* SurfingNavController.m */ = {isa = PBXFileReference; fileEncoding = 4; lastKnownFileType = sourcecode.c.objc; path = SurfingNavController.m; sourceTree = "<group>"; };
		49F4846A1347D6780076F883 /* FrontViewController.h */ = {isa = PBXFileReference; fileEncoding = 4; lastKnownFileType = sourcecode.c.h; path = FrontViewController.h; sourceTree = "<group>"; };
		49F4846B1347D6780076F883 /* FrontViewController.m */ = {isa = PBXFileReference; fileEncoding = 4; lastKnownFileType = sourcecode.c.objc; path = FrontViewController.m; sourceTree = "<group>"; };
		49F484731347D7C20076F883 /* FrontView.xib */ = {isa = PBXFileReference; lastKnownFileType = file.xib; path = FrontView.xib; sourceTree = "<group>"; };
		8D1107310486CEB800E47090 /* Surfing_Journal-Info.plist */ = {isa = PBXFileReference; fileEncoding = 4; lastKnownFileType = text.plist.xml; path = "Surfing_Journal-Info.plist"; plistStructureDefinitionIdentifier = "com.apple.xcode.plist.structure-definition.iphone.info-plist"; sourceTree = "<group>"; };
/* End PBXFileReference section */

/* Begin PBXFrameworksBuildPhase section */
		1D60588F0D05DD3D006BFB54 /* Frameworks */ = {
			isa = PBXFrameworksBuildPhase;
			buildActionMask = 2147483647;
			files = (
				1D60589F0D05DD5A006BFB54 /* Foundation.framework in Frameworks */,
				1DF5F4E00D08C38300B7A737 /* UIKit.framework in Frameworks */,
				288765FD0DF74451002DB57D /* CoreGraphics.framework in Frameworks */,
				491F261E13521A18009AE40C /* libsqlite3.dylib in Frameworks */,
			);
			runOnlyForDeploymentPostprocessing = 0;
		};
/* End PBXFrameworksBuildPhase section */

/* Begin PBXGroup section */
		080E96DDFE201D6D7F000001 /* Classes */ = {
			isa = PBXGroup;
			children = (
				1D3623240D0F684500981E51 /* Surfing_JournalAppDelegate.h */,
				1D3623250D0F684500981E51 /* Surfing_JournalAppDelegate.m */,
				49F4844B1347CD9C0076F883 /* AboutViewController.h */,
				49F4844C1347CD9C0076F883 /* AboutViewController.m */,
				49F4845D1347CF0E0076F883 /* SurfingNavController.h */,
				49F4845E1347CF0E0076F883 /* SurfingNavController.m */,
				49F4846A1347D6780076F883 /* FrontViewController.h */,
				49F4846B1347D6780076F883 /* FrontViewController.m */,
				49DC98F91347DC0700332CE2 /* SelectionViewController.h */,
				49DC98FA1347DC0700332CE2 /* SelectionViewController.m */,
				49DC991C1347E97A00332CE2 /* AddJournalViewController.h */,
				49DC991D1347E97A00332CE2 /* AddJournalViewController.m */,
				49DC998E1347F80B00332CE2 /* DetailsViewController.h */,
				49DC998F1347F80B00332CE2 /* DetailsViewController.m */,
				49DC993E1347EDDC00332CE2 /* AllJournalsViewController.h */,
				49DC993F1347EDDC00332CE2 /* AllJournalsViewController.m */,
				49CE0009135B9E4D002F1D04 /* SelectedLogViewController.h */,
				49CE000A135B9E4D002F1D04 /* SelectedLogViewController.m */,
				49C08F2E135EB089001E87CF /* SpecificSearchViewController.h */,
				49C08F2F135EB089001E87CF /* SpecificSearchViewController.m */,
				49C9010C136E1B4C0095101B /* ForecastSearchViewController.h */,
				49C9010D136E1B4C0095101B /* ForecastSearchViewController.m */,
				49DC99A91347FA5A00332CE2 /* Singleton.h */,
				49DC99AA1347FA5A00332CE2 /* Singleton.m */,
			);
			path = Classes;
			sourceTree = "<group>";
		};
		19C28FACFE9D520D11CA2CBB /* Products */ = {
			isa = PBXGroup;
			children = (
				1D6058910D05DD3D006BFB54 /* Surfing Diary.app */,
			);
			name = Products;
			sourceTree = "<group>";
		};
		29B97314FDCFA39411CA2CEA /* CustomTemplate */ = {
			isa = PBXGroup;
			children = (
				080E96DDFE201D6D7F000001 /* Classes */,
				29B97315FDCFA39411CA2CEA /* Other Sources */,
				29B97317FDCFA39411CA2CEA /* Resources */,
				29B97323FDCFA39411CA2CEA /* Frameworks */,
				19C28FACFE9D520D11CA2CBB /* Products */,
			);
			name = CustomTemplate;
			sourceTree = "<group>";
		};
		29B97315FDCFA39411CA2CEA /* Other Sources */ = {
			isa = PBXGroup;
			children = (
				32CA4F630368D1EE00C91783 /* Surfing_Journal_Prefix.pch */,
				29B97316FDCFA39411CA2CEA /* main.m */,
			);
			name = "Other Sources";
			sourceTree = "<group>";
		};
		29B97317FDCFA39411CA2CEA /* Resources */ = {
			isa = PBXGroup;
			children = (
				28AD733E0D9D9553002E5188 /* MainWindow.xib */,
				8D1107310486CEB800E47090 /* Surfing_Journal-Info.plist */,
				491464B01394566900381206 /* surf1.sqlite3 */,
				491464D013946D5A00381206 /* icon.png */,
				49A72C9D139B3B940040979C /* islandvision.png */,
				49A72C9F139B3B940040979C /* midday surf check.png */,
				49A72C99139B3B720040979C /* grindingleft.png */,
				49A72C9A139B3B720040979C /* heavy shorebreak.png */,
				49C148A413A3DF53008B64C3 /* 16bit while sleeping.png */,
				49C148A513A3DF53008B64C3 /* emergence panel 2.png */,
				49C148A613A3DF53008B64C3 /* fire water.png */,
				49F484461347CC690076F883 /* question.png */,
				49F484481347CC710076F883 /* smiling.png */,
				49C148B513A40F14008B64C3 /* about.png */,
				49C148B313A40F08008B64C3 /* url.png */,
				49F484541347CDAE0076F883 /* AboutView.xib */,
				49F484731347D7C20076F883 /* FrontView.xib */,
				49DC99021347E72A00332CE2 /* SelectionView.xib */,
				49DC991A1347E95C00332CE2 /* AddJournalView.xib */,
				49DC99911347F86E00332CE2 /* DetailsView.xib */,
				49DC993C1347EDB900332CE2 /* AllJournalsView.xib */,
				49CE000C135B9E62002F1D04 /* SelectedLogView.xib */,
				49CE0183135BB95A002F1D04 /* SpecificSearchView.xib */,
				49C9010F136E1B610095101B /* ForecastView.xib */,
			);
			name = Resources;
			sourceTree = "<group>";
		};
		29B97323FDCFA39411CA2CEA /* Frameworks */ = {
			isa = PBXGroup;
			children = (
				1DF5F4DF0D08C38300B7A737 /* UIKit.framework */,
				1D30AB110D05D00D00671497 /* Foundation.framework */,
				288765FC0DF74451002DB57D /* CoreGraphics.framework */,
				491F261D13521A18009AE40C /* libsqlite3.dylib */,
			);
			name = Frameworks;
			sourceTree = "<group>";
		};
/* End PBXGroup section */

/* Begin PBXNativeTarget section */
		1D6058900D05DD3D006BFB54 /* Surfing Journal */ = {
			isa = PBXNativeTarget;
			buildConfigurationList = 1D6058960D05DD3E006BFB54 /* Build configuration list for PBXNativeTarget "Surfing Journal" */;
			buildPhases = (
				1D60588D0D05DD3D006BFB54 /* Resources */,
				1D60588E0D05DD3D006BFB54 /* Sources */,
				1D60588F0D05DD3D006BFB54 /* Frameworks */,
			);
			buildRules = (
			);
			dependencies = (
			);
			name = "Surfing Journal";
			productName = "Surfing Journal";
			productReference = 1D6058910D05DD3D006BFB54 /* Surfing Diary.app */;
			productType = "com.apple.product-type.application";
		};
/* End PBXNativeTarget section */

/* Begin PBXProject section */
		29B97313FDCFA39411CA2CEA /* Project object */ = {
			isa = PBXProject;
			buildConfigurationList = C01FCF4E08A954540054247B /* Build configuration list for PBXProject "Surfing Journal" */;
			compatibilityVersion = "Xcode 3.1";
			developmentRegion = English;
			hasScannedForEncodings = 1;
			knownRegions = (
				English,
				Japanese,
				French,
				German,
			);
			mainGroup = 29B97314FDCFA39411CA2CEA /* CustomTemplate */;
			projectDirPath = "";
			projectRoot = "";
			targets = (
				1D6058900D05DD3D006BFB54 /* Surfing Journal */,
			);
		};
/* End PBXProject section */

/* Begin PBXResourcesBuildPhase section */
		1D60588D0D05DD3D006BFB54 /* Resources */ = {
			isa = PBXResourcesBuildPhase;
			buildActionMask = 2147483647;
			files = (
				28AD733F0D9D9553002E5188 /* MainWindow.xib in Resources */,
				49F484471347CC690076F883 /* question.png in Resources */,
				49F484491347CC710076F883 /* smiling.png in Resources */,
				49F484551347CDAE0076F883 /* AboutView.xib in Resources */,
				49F484741347D7C20076F883 /* FrontView.xib in Resources */,
				49DC99031347E72A00332CE2 /* SelectionView.xib in Resources */,
				49DC991B1347E95C00332CE2 /* AddJournalView.xib in Resources */,
				49DC993D1347EDB900332CE2 /* AllJournalsView.xib in Resources */,
				49DC99921347F86E00332CE2 /* DetailsView.xib in Resources */,
				49CE000D135B9E62002F1D04 /* SelectedLogView.xib in Resources */,
				49CE0184135BB95A002F1D04 /* SpecificSearchView.xib in Resources */,
				49C90110136E1B610095101B /* ForecastView.xib in Resources */,
				491464B11394566900381206 /* surf1.sqlite3 in Resources */,
				491464D113946D5A00381206 /* icon.png in Resources */,
				49A72C9B139B3B720040979C /* grindingleft.png in Resources */,
				49A72C9C139B3B720040979C /* heavy shorebreak.png in Resources */,
				49A72CA0139B3B940040979C /* islandvision.png in Resources */,
				49A72CA2139B3B940040979C /* midday surf check.png in Resources */,
				49C148A913A3DF53008B64C3 /* 16bit while sleeping.png in Resources */,
				49C148AA13A3DF53008B64C3 /* emergence panel 2.png in Resources */,
				49C148AB13A3DF53008B64C3 /* fire water.png in Resources */,
				49C148B413A40F08008B64C3 /* url.png in Resources */,
				49C148B613A40F14008B64C3 /* about.png in Resources */,
			);
			runOnlyForDeploymentPostprocessing = 0;
		};
/* End PBXResourcesBuildPhase section */

/* Begin PBXSourcesBuildPhase section */
		1D60588E0D05DD3D006BFB54 /* Sources */ = {
			isa = PBXSourcesBuildPhase;
			buildActionMask = 2147483647;
			files = (
				1D60589B0D05DD56006BFB54 /* main.m in Sources */,
				1D3623260D0F684500981E51 /* Surfing_JournalAppDelegate.m in Sources */,
				49F4844D1347CD9C0076F883 /* AboutViewController.m in Sources */,
				49F4845F1347CF0E0076F883 /* SurfingNavController.m in Sources */,
				49F4846C1347D6780076F883 /* FrontViewController.m in Sources */,
				49DC98FB1347DC0700332CE2 /* SelectionViewController.m in Sources */,
				49DC991E1347E97A00332CE2 /* AddJournalViewController.m in Sources */,
				49DC99401347EDDC00332CE2 /* AllJournalsViewController.m in Sources */,
				49DC99901347F80B00332CE2 /* DetailsViewController.m in Sources */,
				49DC99AB1347FA5A00332CE2 /* Singleton.m in Sources */,
				49CE000B135B9E4D002F1D04 /* SelectedLogViewController.m in Sources */,
				49C08F30135EB089001E87CF /* SpecificSearchViewController.m in Sources */,
				49C9010E136E1B4C0095101B /* ForecastSearchViewController.m in Sources */,
			);
			runOnlyForDeploymentPostprocessing = 0;
		};
/* End PBXSourcesBuildPhase section */

/* Begin XCBuildConfiguration section */
		1D6058940D05DD3E006BFB54 /* Debug */ = {
			isa = XCBuildConfiguration;
			buildSettings = {
				ALWAYS_SEARCH_USER_PATHS = NO;
				COPY_PHASE_STRIP = NO;
				GCC_DYNAMIC_NO_PIC = NO;
				GCC_OPTIMIZATION_LEVEL = 0;
				GCC_PRECOMPILE_PREFIX_HEADER = YES;
				GCC_PREFIX_HEADER = Surfing_Journal_Prefix.pch;
				INFOPLIST_FILE = "Surfing_Journal-Info.plist";
				IPHONEOS_DEPLOYMENT_TARGET = 3.0;
				PRODUCT_NAME = "Surfing Diary";
				TARGETED_DEVICE_FAMILY = 1;
			};
			name = Debug;
		};
		1D6058950D05DD3E006BFB54 /* Release */ = {
			isa = XCBuildConfiguration;
			buildSettings = {
				ALWAYS_SEARCH_USER_PATHS = NO;
				COPY_PHASE_STRIP = YES;
				GCC_PRECOMPILE_PREFIX_HEADER = YES;
				GCC_PREFIX_HEADER = Surfing_Journal_Prefix.pch;
				INFOPLIST_FILE = "Surfing_Journal-Info.plist";
				IPHONEOS_DEPLOYMENT_TARGET = 3.0;
				PRODUCT_NAME = "Surfing Diary";
				TARGETED_DEVICE_FAMILY = 1;
				VALIDATE_PRODUCT = YES;
			};
			name = Release;
		};
		49C3348813A5AAF3002F8595 /* Distribution */ = {
			isa = XCBuildConfiguration;
			buildSettings = {
				ARCHS = "$(ARCHS_STANDARD_32_BIT)";
				"CODE_SIGN_IDENTITY[sdk=iphoneos*]" = "iPhone Distribution: Lighten Up/ Enterprises LLC";
				GCC_C_LANGUAGE_STANDARD = c99;
				GCC_WARN_ABOUT_RETURN_TYPE = YES;
				GCC_WARN_UNUSED_VARIABLE = YES;
				IPHONEOS_DEPLOYMENT_TARGET = 3.0;
				OTHER_CFLAGS = "-DNS_BLOCK_ASSERTIONS=1";
				PREBINDING = NO;
				PRODUCT_NAME = "Surfing Diary";
				"PROVISIONING_PROFILE[sdk=iphoneos*]" = "9E29577F-5793-48D2-822C-E513E1BAF3F1";
				SDKROOT = iphoneos;
			};
			name = Distribution;
		};
		49C3348913A5AAF3002F8595 /* Distribution */ = {
			isa = XCBuildConfiguration;
			buildSettings = {
				ALWAYS_SEARCH_USER_PATHS = NO;
				COPY_PHASE_STRIP = YES;
				GCC_PRECOMPILE_PREFIX_HEADER = YES;
				GCC_PREFIX_HEADER = Surfing_Journal_Prefix.pch;
				INFOPLIST_FILE = "Surfing_Journal-Info.plist";
				IPHONEOS_DEPLOYMENT_TARGET = 3.0;
				PRODUCT_NAME = "Surfing Diary";
				TARGETED_DEVICE_FAMILY = 1;
				VALIDATE_PRODUCT = YES;
			};
			name = Distribution;
		};
		C01FCF4F08A954540054247B /* Debug */ = {
			isa = XCBuildConfiguration;
			buildSettings = {
				ARCHS = "$(ARCHS_STANDARD_32_BIT)";
				"CODE_SIGN_IDENTITY[sdk=iphoneos*]" = "iPhone Developer: andrew newman (VCZS3EUZE3)";
				GCC_C_LANGUAGE_STANDARD = c99;
				GCC_WARN_ABOUT_RETURN_TYPE = YES;
				GCC_WARN_UNUSED_VARIABLE = YES;
				IPHONEOS_DEPLOYMENT_TARGET = 3.0;
				PREBINDING = NO;
				PRODUCT_NAME = "Surfing Diary";
				"PROVISIONING_PROFILE[sdk=iphoneos*]" = "2B3EBFE5-6070-49B9-9C48-AD1A5589A403";
				SDKROOT = iphoneos;
			};
			name = Debug;
		};
		C01FCF5008A954540054247B /* Release */ = {
			isa = XCBuildConfiguration;
			buildSettings = {
				ARCHS = "$(ARCHS_STANDARD_32_BIT)";
				"CODE_SIGN_IDENTITY[sdk=iphoneos*]" = "iPhone Distribution: Lighten Up/ Enterprises LLC";
				GCC_C_LANGUAGE_STANDARD = c99;
				GCC_WARN_ABOUT_RETURN_TYPE = YES;
				GCC_WARN_UNUSED_VARIABLE = YES;
				IPHONEOS_DEPLOYMENT_TARGET = 3.0;
				OTHER_CFLAGS = "-DNS_BLOCK_ASSERTIONS=1";
				PREBINDING = NO;
				PRODUCT_NAME = "Surfing Diary";
				"PROVISIONING_PROFILE[sdk=iphoneos*]" = "9E29577F-5793-48D2-822C-E513E1BAF3F1";
				SDKROOT = iphoneos;
			};
			name = Release;
		};
/* End XCBuildConfiguration section */

/* Begin XCConfigurationList section */
		1D6058960D05DD3E006BFB54 /* Build configuration list for PBXNativeTarget "Surfing Journal" */ = {
			isa = XCConfigurationList;
			buildConfigurations = (
				1D6058940D05DD3E006BFB54 /* Debug */,
				1D6058950D05DD3E006BFB54 /* Release */,
				49C3348913A5AAF3002F8595 /* Distribution */,
			);
			defaultConfigurationIsVisible = 0;
			defaultConfigurationName = Distribution;
		};
		C01FCF4E08A954540054247B /* Build configuration list for PBXProject "Surfing Journal" */ = {
			isa = XCConfigurationList;
			buildConfigurations = (
				C01FCF4F08A954540054247B /* Debug */,
				C01FCF5008A954540054247B /* Release */,
				49C3348813A5AAF3002F8595 /* Distribution */,
			);
			defaultConfigurationIsVisible = 0;
			defaultConfigurationName = Distribution;
		};
/* End XCConfigurationList section */
	};
	rootObject = 29B97313FDCFA39411CA2CEA /* Project object */;
}
